
Microsoft Visual Studio Solution File, Format Version 12.00
# Visual Studio 15
Project("{FAE04EC0-301F-11D3-BF4B-00C04F79EFBC}") = "Assembly-CSharp", "Assembly-CSharp.csproj", "{703B8D20-0BEB-49F5-40A2-678D1DB50849}"
EndProject
Project("{FAE04EC0-301F-11D3-BF4B-00C04F79EFBC}") = "Assembly-CSharp-Editor", "Assembly-CSharp-Editor.csproj", "{78CDAEA9-8793-780B-9EA1-550AB859033C}"
EndProject
Global
	GlobalSection(SolutionConfigurationPlatforms) = preSolution
		Debug|Any CPU = Debug|Any CPU
		Release|Any CPU = Release|Any CPU
	EndGlobalSection
	GlobalSection(ProjectConfigurationPlatforms) = postSolution
		{703B8D20-0BEB-49F5-40A2-678D1DB50849}.Debug|Any CPU.ActiveCfg = Debug|Any CPU
		{703B8D20-0BEB-49F5-40A2-678D1DB50849}.Debug|Any CPU.Build.0 = Debug|Any CPU
		{703B8D20-0BEB-49F5-40A2-678D1DB50849}.Release|Any CPU.ActiveCfg = Release|Any CPU
		{703B8D20-0BEB-49F5-40A2-678D1DB50849}.Release|Any CPU.Build.0 = Release|Any CPU
		{78CDAEA9-8793-780B-9EA1-550AB859033C}.Debug|Any CPU.ActiveCfg = Debug|Any CPU
		{78CDAEA9-8793-780B-9EA1-550AB859033C}.Debug|Any CPU.Build.0 = Debug|Any CPU
		{78CDAEA9-8793-780B-9EA1-550AB859033C}.Release|Any CPU.ActiveCfg = Release|Any CPU
		{78CDAEA9-8793-780B-9EA1-550AB859033C}.Release|Any CPU.Build.0 = Release|Any CPU
	EndGlobalSection
	GlobalSection(SolutionProperties) = preSolution
		HideSolutionNode = FALSE
	EndGlobalSection
EndGlobal
